PODS:
  - NVActivityIndicatorView (4.6.1):
    - NVActivityIndicatorView/Presenter (= 4.6.1)
  - NVActivityIndicatorView/Presenter (4.6.1)
  - paper-onboarding (5.0.1)
  - ReachabilitySwift (4.3.0)
  - StatusAlert (1.1.0)
  - ViewAnimator (2.4.0)

DEPENDENCIES:
  - NVActivityIndicatorView
  - paper-onboarding
  - ReachabilitySwift
  - StatusAlert
  - ViewAnimator

SPEC REPOS:
  https://github.com/cocoapods/specs.git:
    - NVActivityIndicatorView
    - paper-onboarding
    - ReachabilitySwift
    - StatusAlert
    - ViewAnimator

SPEC CHECKSUMS:
  NVActivityIndicatorView: 4ca19fccc84595a78957336a086d00a49be6ce61
  paper-onboarding: ae39e418748c0b4eab39b2e59f398b48cdebfae5
  ReachabilitySwift: 408477d1b6ed9779dba301953171e017c31241f3
  StatusAlert: 4d6dadebf5f7abd5648fa774ef3062f2f95cc4aa
  ViewAnimator: 28b9ef703e280a02852b1271ef36295ea96eae4b

PODFILE CHECKSUM: 2119cabb6477971ff319e501f9e80a35ef8db222

COCOAPODS: 1.6.0.beta.2
