// !$*UTF8*$!
{
	archiveVersion = 1;
	classes = {
	};
	objectVersion = 50;
	objects = {

/* Begin PBXBuildFile section */
		B8866D5A218BE5B8002B7CDF /* AppDelegate.swift in Sources */ = {isa = PBXBuildFile; fileRef = B8866D59218BE5B8002B7CDF /* AppDelegate.swift */; };
		B8866D5C218BE5B8002B7CDF /* HomePageViewController.swift in Sources */ = {isa = PBXBuildFile; fileRef = B8866D5B218BE5B8002B7CDF /* HomePageViewController.swift */; };
		B8866D5F218BE5B8002B7CDF /* Main.storyboard in Resources */ = {isa = PBXBuildFile; fileRef = B8866D5D218BE5B8002B7CDF /* Main.storyboard */; };
		B8866D61218BE5BB002B7CDF /* Assets.xcassets in Resources */ = {isa = PBXBuildFile; fileRef = B8866D60218BE5BB002B7CDF /* Assets.xcassets */; };
		B8866D64218BE5BB002B7CDF /* LaunchScreen.storyboard in Resources */ = {isa = PBXBuildFile; fileRef = B8866D62218BE5BB002B7CDF /* LaunchScreen.storyboard */; };
		B8866D6F218BE801002B7CDF /* Space.swift in Sources */ = {isa = PBXBuildFile; fileRef = B8866D6E218BE801002B7CDF /* Space.swift */; };
		B8866D72218BE905002B7CDF /* User.swift in Sources */ = {isa = PBXBuildFile; fileRef = B8866D71218BE905002B7CDF /* User.swift */; };
		B8866D74218BE911002B7CDF /* Address.swift in Sources */ = {isa = PBXBuildFile; fileRef = B8866D73218BE911002B7CDF /* Address.swift */; };
		B88BA16C219212E8009C56DC /* HomePageTableViewCell.swift in Sources */ = {isa = PBXBuildFile; fileRef = B88BA16B219212E8009C56DC /* HomePageTableViewCell.swift */; };
		B88BA17021921395009C56DC /* Constants.swift in Sources */ = {isa = PBXBuildFile; fileRef = B88BA16F21921395009C56DC /* Constants.swift */; };
/* End PBXBuildFile section */

/* Begin PBXFileReference section */
		B8866D56218BE5B7002B7CDF /* Lofti.app */ = {isa = PBXFileReference; explicitFileType = wrapper.application; includeInIndex = 0; path = Lofti.app; sourceTree = BUILT_PRODUCTS_DIR; };
		B8866D59218BE5B8002B7CDF /* AppDelegate.swift */ = {isa = PBXFileReference; lastKnownFileType = sourcecode.swift; path = AppDelegate.swift; sourceTree = "<group>"; };
		B8866D5B218BE5B8002B7CDF /* HomePageViewController.swift */ = {isa = PBXFileReference; lastKnownFileType = sourcecode.swift; path = HomePageViewController.swift; sourceTree = "<group>"; };
		B8866D5E218BE5B8002B7CDF /* Base */ = {isa = PBXFileReference; lastKnownFileType = file.storyboard; name = Base; path = Base.lproj/Main.storyboard; sourceTree = "<group>"; };
		B8866D60218BE5BB002B7CDF /* Assets.xcassets */ = {isa = PBXFileReference; lastKnownFileType = folder.assetcatalog; path = Assets.xcassets; sourceTree = "<group>"; };
		B8866D63218BE5BB002B7CDF /* Base */ = {isa = PBXFileReference; lastKnownFileType = file.storyboard; name = Base; path = Base.lproj/LaunchScreen.storyboard; sourceTree = "<group>"; };
		B8866D65218BE5BB002B7CDF /* Info.plist */ = {isa = PBXFileReference; lastKnownFileType = text.plist.xml; path = Info.plist; sourceTree = "<group>"; };
		B8866D6E218BE801002B7CDF /* Space.swift */ = {isa = PBXFileReference; lastKnownFileType = sourcecode.swift; path = Space.swift; sourceTree = "<group>"; };
		B8866D71218BE905002B7CDF /* User.swift */ = {isa = PBXFileReference; lastKnownFileType = sourcecode.swift; path = User.swift; sourceTree = "<group>"; };
		B8866D73218BE911002B7CDF /* Address.swift */ = {isa = PBXFileReference; lastKnownFileType = sourcecode.swift; path = Address.swift; sourceTree = "<group>"; };
		B88BA16B219212E8009C56DC /* HomePageTableViewCell.swift */ = {isa = PBXFileReference; lastKnownFileType = sourcecode.swift; path = HomePageTableViewCell.swift; sourceTree = "<group>"; };
		B88BA16F21921395009C56DC /* Constants.swift */ = {isa = PBXFileReference; lastKnownFileType = sourcecode.swift; path = Constants.swift; sourceTree = "<group>"; };
/* End PBXFileReference section */

/* Begin PBXFrameworksBuildPhase section */
		B8866D53218BE5B7002B7CDF /* Frameworks */ = {
			isa = PBXFrameworksBuildPhase;
			buildActionMask = 2147483647;
			files = (
			);
			runOnlyForDeploymentPostprocessing = 0;
		};
/* End PBXFrameworksBuildPhase section */

/* Begin PBXGroup section */
		B8866D4D218BE5B7002B7CDF = {
			isa = PBXGroup;
			children = (
				B8866D58218BE5B7002B7CDF /* Lofti */,
				B8866D57218BE5B7002B7CDF /* Products */,
			);
			sourceTree = "<group>";
		};
		B8866D57218BE5B7002B7CDF /* Products */ = {
			isa = PBXGroup;
			children = (
				B8866D56218BE5B7002B7CDF /* Lofti.app */,
			);
			name = Products;
			sourceTree = "<group>";
		};
		B8866D58218BE5B7002B7CDF /* Lofti */ = {
			isa = PBXGroup;
			children = (
				B88BA16E2192137B009C56DC /* Network */,
				B88BA16D21921371009C56DC /* Helpers */,
				B8866D75218BEA4F002B7CDF /* Services */,
				B8866D6D218BE7EA002B7CDF /* Controllers */,
				B8866D6C218BE7DF002B7CDF /* Views */,
				B8866D6B218BE7D9002B7CDF /* Models */,
				B8866D59218BE5B8002B7CDF /* AppDelegate.swift */,
				B8866D5B218BE5B8002B7CDF /* HomePageViewController.swift */,
				B8866D5D218BE5B8002B7CDF /* Main.storyboard */,
				B8866D60218BE5BB002B7CDF /* Assets.xcassets */,
				B8866D62218BE5BB002B7CDF /* LaunchScreen.storyboard */,
				B8866D65218BE5BB002B7CDF /* Info.plist */,
			);
			path = Lofti;
			sourceTree = "<group>";
		};
		B8866D6B218BE7D9002B7CDF /* Models */ = {
			isa = PBXGroup;
			children = (
				B8866D6E218BE801002B7CDF /* Space.swift */,
				B8866D71218BE905002B7CDF /* User.swift */,
				B8866D73218BE911002B7CDF /* Address.swift */,
			);
			path = Models;
			sourceTree = "<group>";
		};
		B8866D6C218BE7DF002B7CDF /* Views */ = {
			isa = PBXGroup;
			children = (
				B88BA16B219212E8009C56DC /* HomePageTableViewCell.swift */,
			);
			path = Views;
			sourceTree = "<group>";
		};
		B8866D6D218BE7EA002B7CDF /* Controllers */ = {
			isa = PBXGroup;
			children = (
			);
			path = Controllers;
			sourceTree = "<group>";
		};
		B8866D75218BEA4F002B7CDF /* Services */ = {
			isa = PBXGroup;
			children = (
			);
			path = Services;
			sourceTree = "<group>";
		};
		B88BA16D21921371009C56DC /* Helpers */ = {
			isa = PBXGroup;
			children = (
				B88BA16F21921395009C56DC /* Constants.swift */,
			);
			path = Helpers;
			sourceTree = "<group>";
		};
		B88BA16E2192137B009C56DC /* Network */ = {
			isa = PBXGroup;
			children = (
			);
			path = Network;
			sourceTree = "<group>";
		};
/* End PBXGroup section */

/* Begin PBXNativeTarget section */
		B8866D55218BE5B7002B7CDF /* Lofti */ = {
			isa = PBXNativeTarget;
			buildConfigurationList = B8866D68218BE5BB002B7CDF /* Build configuration list for PBXNativeTarget "Lofti" */;
			buildPhases = (
				B8866D52218BE5B7002B7CDF /* Sources */,
				B8866D53218BE5B7002B7CDF /* Frameworks */,
				B8866D54218BE5B7002B7CDF /* Resources */,
			);
			buildRules = (
			);
			dependencies = (
			);
			name = Lofti;
			productName = Lofti;
			productReference = B8866D56218BE5B7002B7CDF /* Lofti.app */;
			productType = "com.apple.product-type.application";
		};
/* End PBXNativeTarget section */

/* Begin PBXProject section */
		B8866D4E218BE5B7002B7CDF /* Project object */ = {
			isa = PBXProject;
			attributes = {
				LastSwiftUpdateCheck = 1010;
				LastUpgradeCheck = 1010;
				ORGANIZATIONNAME = "Medi Assumani";
				TargetAttributes = {
					B8866D55218BE5B7002B7CDF = {
						CreatedOnToolsVersion = 10.1;
					};
				};
			};
			buildConfigurationList = B8866D51218BE5B7002B7CDF /* Build configuration list for PBXProject "Lofti" */;
			compatibilityVersion = "Xcode 9.3";
			developmentRegion = en;
			hasScannedForEncodings = 0;
			knownRegions = (
				en,
				Base,
			);
			mainGroup = B8866D4D218BE5B7002B7CDF;
			productRefGroup = B8866D57218BE5B7002B7CDF /* Products */;
			projectDirPath = "";
			projectRoot = "";
			targets = (
				B8866D55218BE5B7002B7CDF /* Lofti */,
			);
		};
/* End PBXProject section */

/* Begin PBXResourcesBuildPhase section */
		B8866D54218BE5B7002B7CDF /* Resources */ = {
			isa = PBXResourcesBuildPhase;
			buildActionMask = 2147483647;
			files = (
				B8866D64218BE5BB002B7CDF /* LaunchScreen.storyboard in Resources */,
				B8866D61218BE5BB002B7CDF /* Assets.xcassets in Resources */,
				B8866D5F218BE5B8002B7CDF /* Main.storyboard in Resources */,
			);
			runOnlyForDeploymentPostprocessing = 0;
		};
/* End PBXResourcesBuildPhase section */

/* Begin PBXSourcesBuildPhase section */
		B8866D52218BE5B7002B7CDF /* Sources */ = {
			isa = PBXSourcesBuildPhase;
			buildActionMask = 2147483647;
			files = (
				B8866D72218BE905002B7CDF /* User.swift in Sources */,
				B88BA16C219212E8009C56DC /* HomePageTableViewCell.swift in Sources */,
				B8866D5C218BE5B8002B7CDF /* HomePageViewController.swift in Sources */,
				B8866D5A218BE5B8002B7CDF /* AppDelegate.swift in Sources */,
				B88BA17021921395009C56DC /* Constants.swift in Sources */,
				B8866D6F218BE801002B7CDF /* Space.swift in Sources */,
				B8866D74218BE911002B7CDF /* Address.swift in Sources */,
			);
			runOnlyForDeploymentPostprocessing = 0;
		};
/* End PBXSourcesBuildPhase section */

/* Begin PBXVariantGroup section */
		B8866D5D218BE5B8002B7CDF /* Main.storyboard */ = {
			isa = PBXVariantGroup;
			children = (
				B8866D5E218BE5B8002B7CDF /* Base */,
			);
			name = Main.storyboard;
			sourceTree = "<group>";
		};
		B8866D62218BE5BB002B7CDF /* LaunchScreen.storyboard */ = {
			isa = PBXVariantGroup;
			children = (
				B8866D63218BE5BB002B7CDF /* Base */,
			);
			name = LaunchScreen.storyboard;
			sourceTree = "<group>";
		};
/* End PBXVariantGroup section */

/* Begin XCBuildConfiguration section */
		B8866D66218BE5BB002B7CDF /* Debug */ = {
			isa = XCBuildConfiguration;
			buildSettings = {
				ALWAYS_SEARCH_USER_PATHS = NO;
				CLANG_ANALYZER_NONNULL = YES;
				CLANG_ANALYZER_NUMBER_OBJECT_CONVERSION = YES_AGGRESSIVE;
				CLANG_CXX_LANGUAGE_STANDARD = "gnu++14";
				CLANG_CXX_LIBRARY = "libc++";
				CLANG_ENABLE_MODULES = YES;
				CLANG_ENABLE_OBJC_ARC = YES;
				CLANG_ENABLE_OBJC_WEAK = YES;
				CLANG_WARN_BLOCK_CAPTURE_AUTORELEASING = YES;
				CLANG_WARN_BOOL_CONVERSION = YES;
				CLANG_WARN_COMMA = YES;
				CLANG_WARN_CONSTANT_CONVERSION = YES;
				CLANG_WARN_DEPRECATED_OBJC_IMPLEMENTATIONS = YES;
				CLANG_WARN_DIRECT_OBJC_ISA_USAGE = YES_ERROR;
				CLANG_WARN_DOCUMENTATION_COMMENTS = YES;
				CLANG_WARN_EMPTY_BODY = YES;
				CLANG_WARN_ENUM_CONVERSION = YES;
				CLANG_WARN_INFINITE_RECURSION = YES;
				CLANG_WARN_INT_CONVERSION = YES;
				CLANG_WARN_NON_LITERAL_NULL_CONVERSION = YES;
				CLANG_WARN_OBJC_IMPLICIT_RETAIN_SELF = YES;
				CLANG_WARN_OBJC_LITERAL_CONVERSION = YES;
				CLANG_WARN_OBJC_ROOT_CLASS = YES_ERROR;
				CLANG_WARN_RANGE_LOOP_ANALYSIS = YES;
				CLANG_WARN_STRICT_PROTOTYPES = YES;
				CLANG_WARN_SUSPICIOUS_MOVE = YES;
				CLANG_WARN_UNGUARDED_AVAILABILITY = YES_AGGRESSIVE;
				CLANG_WARN_UNREACHABLE_CODE = YES;
				CLANG_WARN__DUPLICATE_METHOD_MATCH = YES;
				CODE_SIGN_IDENTITY = "iPhone Developer";
				COPY_PHASE_STRIP = NO;
				DEBUG_INFORMATION_FORMAT = dwarf;
				ENABLE_STRICT_OBJC_MSGSEND = YES;
				ENABLE_TESTABILITY = YES;
				GCC_C_LANGUAGE_STANDARD = gnu11;
				GCC_DYNAMIC_NO_PIC = NO;
				GCC_NO_COMMON_BLOCKS = YES;
				GCC_OPTIMIZATION_LEVEL = 0;
				GCC_PREPROCESSOR_DEFINITIONS = (
					"DEBUG=1",
					"$(inherited)",
				);
				GCC_WARN_64_TO_32_BIT_CONVERSION = YES;
				GCC_WARN_ABOUT_RETURN_TYPE = YES_ERROR;
				GCC_WARN_UNDECLARED_SELECTOR = YES;
				GCC_WARN_UNINITIALIZED_AUTOS = YES_AGGRESSIVE;
				GCC_WARN_UNUSED_FUNCTION = YES;
				GCC_WARN_UNUSED_VARIABLE = YES;
				IPHONEOS_DEPLOYMENT_TARGET = 12.1;
				MTL_ENABLE_DEBUG_INFO = INCLUDE_SOURCE;
				MTL_FAST_MATH = YES;
				ONLY_ACTIVE_ARCH = YES;
				SDKROOT = iphoneos;
				SWIFT_ACTIVE_COMPILATION_CONDITIONS = DEBUG;
				SWIFT_OPTIMIZATION_LEVEL = "-Onone";
			};
			name = Debug;
		};
		B8866D67218BE5BB002B7CDF /* Release */ = {
			isa = XCBuildConfiguration;
			buildSettings = {
				ALWAYS_SEARCH_USER_PATHS = NO;
				CLANG_ANALYZER_NONNULL = YES;
				CLANG_ANALYZER_NUMBER_OBJECT_CONVERSION = YES_AGGRESSIVE;
				CLANG_CXX_LANGUAGE_STANDARD = "gnu++14";
				CLANG_CXX_LIBRARY = "libc++";
				CLANG_ENABLE_MODULES = YES;
				CLANG_ENABLE_OBJC_ARC = YES;
				CLANG_ENABLE_OBJC_WEAK = YES;
				CLANG_WARN_BLOCK_CAPTURE_AUTORELEASING = YES;
				CLANG_WARN_BOOL_CONVERSION = YES;
				CLANG_WARN_COMMA = YES;
				CLANG_WARN_CONSTANT_CONVERSION = YES;
				CLANG_WARN_DEPRECATED_OBJC_IMPLEMENTATIONS = YES;
				CLANG_WARN_DIRECT_OBJC_ISA_USAGE = YES_ERROR;
				CLANG_WARN_DOCUMENTATION_COMMENTS = YES;
				CLANG_WARN_EMPTY_BODY = YES;
				CLANG_WARN_ENUM_CONVERSION = YES;
				CLANG_WARN_INFINITE_RECURSION = YES;
				CLANG_WARN_INT_CONVERSION = YES;
				CLANG_WARN_NON_LITERAL_NULL_CONVERSION = YES;
				CLANG_WARN_OBJC_IMPLICIT_RETAIN_SELF = YES;
				CLANG_WARN_OBJC_LITERAL_CONVERSION = YES;
				CLANG_WARN_OBJC_ROOT_CLASS = YES_ERROR;
				CLANG_WARN_RANGE_LOOP_ANALYSIS = YES;
				CLANG_WARN_STRICT_PROTOTYPES = YES;
				CLANG_WARN_SUSPICIOUS_MOVE = YES;
				CLANG_WARN_UNGUARDED_AVAILABILITY = YES_AGGRESSIVE;
				CLANG_WARN_UNREACHABLE_CODE = YES;
				CLANG_WARN__DUPLICATE_METHOD_MATCH = YES;
				CODE_SIGN_IDENTITY = "iPhone Developer";
				COPY_PHASE_STRIP = NO;
				DEBUG_INFORMATION_FORMAT = "dwarf-with-dsym";
				ENABLE_NS_ASSERTIONS = NO;
				ENABLE_STRICT_OBJC_MSGSEND = YES;
				GCC_C_LANGUAGE_STANDARD = gnu11;
				GCC_NO_COMMON_BLOCKS = YES;
				GCC_WARN_64_TO_32_BIT_CONVERSION = YES;
				GCC_WARN_ABOUT_RETURN_TYPE = YES_ERROR;
				GCC_WARN_UNDECLARED_SELECTOR = YES;
				GCC_WARN_UNINITIALIZED_AUTOS = YES_AGGRESSIVE;
				GCC_WARN_UNUSED_FUNCTION = YES;
				GCC_WARN_UNUSED_VARIABLE = YES;
				IPHONEOS_DEPLOYMENT_TARGET = 12.1;
				MTL_ENABLE_DEBUG_INFO = NO;
				MTL_FAST_MATH = YES;
				SDKROOT = iphoneos;
				SWIFT_COMPILATION_MODE = wholemodule;
				SWIFT_OPTIMIZATION_LEVEL = "-O";
				VALIDATE_PRODUCT = YES;
			};
			name = Release;
		};
		B8866D69218BE5BB002B7CDF /* Debug */ = {
			isa = XCBuildConfiguration;
			buildSettings = {
				ASSETCATALOG_COMPILER_APPICON_NAME = AppIcon;
				CODE_SIGN_STYLE = Automatic;
				DEVELOPMENT_TEAM = 966X5T4Q98;
				INFOPLIST_FILE = Lofti/Info.plist;
				LD_RUNPATH_SEARCH_PATHS = (
					"$(inherited)",
					"@executable_path/Frameworks",
				);
				PRODUCT_BUNDLE_IDENTIFIER = mediassumani.Lofti;
				PRODUCT_NAME = "$(TARGET_NAME)";
				SWIFT_VERSION = 4.2;
				TARGETED_DEVICE_FAMILY = "1,2";
			};
			name = Debug;
		};
		B8866D6A218BE5BB002B7CDF /* Release */ = {
			isa = XCBuildConfiguration;
			buildSettings = {
				ASSETCATALOG_COMPILER_APPICON_NAME = AppIcon;
				CODE_SIGN_STYLE = Automatic;
				DEVELOPMENT_TEAM = 966X5T4Q98;
				INFOPLIST_FILE = Lofti/Info.plist;
				LD_RUNPATH_SEARCH_PATHS = (
					"$(inherited)",
					"@executable_path/Frameworks",
				);
				PRODUCT_BUNDLE_IDENTIFIER = mediassumani.Lofti;
				PRODUCT_NAME = "$(TARGET_NAME)";
				SWIFT_VERSION = 4.2;
				TARGETED_DEVICE_FAMILY = "1,2";
			};
			name = Release;
		};
/* End XCBuildConfiguration section */

/* Begin XCConfigurationList section */
		B8866D51218BE5B7002B7CDF /* Build configuration list for PBXProject "Lofti" */ = {
			isa = XCConfigurationList;
			buildConfigurations = (
				B8866D66218BE5BB002B7CDF /* Debug */,
				B8866D67218BE5BB002B7CDF /* Release */,
			);
			defaultConfigurationIsVisible = 0;
			defaultConfigurationName = Release;
		};
		B8866D68218BE5BB002B7CDF /* Build configuration list for PBXNativeTarget "Lofti" */ = {
			isa = XCConfigurationList;
			buildConfigurations = (
				B8866D69218BE5BB002B7CDF /* Debug */,
				B8866D6A218BE5BB002B7CDF /* Release */,
			);
			defaultConfigurationIsVisible = 0;
			defaultConfigurationName = Release;
		};
/* End XCConfigurationList section */
	};
	rootObject = B8866D4E218BE5B7002B7CDF /* Project object */;
}
